
Microsoft Visual Studio Solution File, Format Version 12.00
# Visual Studio Version 17
VisualStudioVersion = 17.4.33213.308
MinimumVisualStudioVersion = 10.0.40219.1
Project("{9A19103F-16F7-4668-BE54-9A1E7A4F7556}") = "parsr.todo", "parsr.todo\parsr.todo.csproj", "{1A22F33F-8BF4-4DC2-B425-56DB27C4A4A0}"
EndProject
Project("{FAE04EC0-301F-11D3-BF4B-00C04F79EFBC}") = "parsr.todo.db", "parsr.todo.db\parsr.todo.db.csproj", "{81C1DFC5-3D92-452E-9C6E-A8F930A6550B}"
EndProject
Project("{FAE04EC0-301F-11D3-BF4B-00C04F79EFBC}") = "parsr.todo.migrations", "parsr.todo.migrations\parsr.todo.migrations.csproj", "{6155D28E-D586-4A7C-9D2C-FEE7E4DC9609}"
EndProject
Global
	GlobalSection(SolutionConfigurationPlatforms) = preSolution
		Debug|Any CPU = Debug|Any CPU
		Release|Any CPU = Release|Any CPU
	EndGlobalSection
	GlobalSection(ProjectConfigurationPlatforms) = postSolution
		{1A22F33F-8BF4-4DC2-B425-56DB27C4A4A0}.Debug|Any CPU.ActiveCfg = Debug|Any CPU
		{1A22F33F-8BF4-4DC2-B425-56DB27C4A4A0}.Debug|Any CPU.Build.0 = Debug|Any CPU
		{1A22F33F-8BF4-4DC2-B425-56DB27C4A4A0}.Release|Any CPU.ActiveCfg = Release|Any CPU
		{1A22F33F-8BF4-4DC2-B425-56DB27C4A4A0}.Release|Any CPU.Build.0 = Release|Any CPU
		{81C1DFC5-3D92-452E-9C6E-A8F930A6550B}.Debug|Any CPU.ActiveCfg = Debug|Any CPU
		{81C1DFC5-3D92-452E-9C6E-A8F930A6550B}.Debug|Any CPU.Build.0 = Debug|Any CPU
		{81C1DFC5-3D92-452E-9C6E-A8F930A6550B}.Release|Any CPU.ActiveCfg = Release|Any CPU
		{81C1DFC5-3D92-452E-9C6E-A8F930A6550B}.Release|Any CPU.Build.0 = Release|Any CPU
		{6155D28E-D586-4A7C-9D2C-FEE7E4DC9609}.Debug|Any CPU.ActiveCfg = Debug|Any CPU
		{6155D28E-D586-4A7C-9D2C-FEE7E4DC9609}.Debug|Any CPU.Build.0 = Debug|Any CPU
		{6155D28E-D586-4A7C-9D2C-FEE7E4DC9609}.Release|Any CPU.ActiveCfg = Release|Any CPU
		{6155D28E-D586-4A7C-9D2C-FEE7E4DC9609}.Release|Any CPU.Build.0 = Release|Any CPU
	EndGlobalSection
	GlobalSection(SolutionProperties) = preSolution
		HideSolutionNode = FALSE
	EndGlobalSection
	GlobalSection(ExtensibilityGlobals) = postSolution
		SolutionGuid = {B9B86A56-61B4-4416-A0B5-DC1C22447922}
	EndGlobalSection
EndGlobal
